
Microsoft Visual Studio Solution File, Format Version 12.00
# Visual Studio Version 16
VisualStudioVersion = 16.0.31205.134
MinimumVisualStudioVersion = 10.0.40219.1
Project("{FAE04EC0-301F-11D3-BF4B-00C04F79EFBC}") = "TimeTable", "TimeTable\TimeTable.csproj", "{BD0EFAF2-68E3-45B7-A9E3-8B5B76E6ECD4}"
EndProject
Global
	GlobalSection(SolutionConfigurationPlatforms) = preSolution
		Debug|Any CPU = Debug|Any CPU
		Release|Any CPU = Release|Any CPU
	EndGlobalSection
	GlobalSection(ProjectConfigurationPlatforms) = postSolution
		{BD0EFAF2-68E3-45B7-A9E3-8B5B76E6ECD4}.Debug|Any CPU.ActiveCfg = Debug|Any CPU
		{BD0EFAF2-68E3-45B7-A9E3-8B5B76E6ECD4}.Debug|Any CPU.Build.0 = Debug|Any CPU
		{BD0EFAF2-68E3-45B7-A9E3-8B5B76E6ECD4}.Release|Any CPU.ActiveCfg = Release|Any CPU
		{BD0EFAF2-68E3-45B7-A9E3-8B5B76E6ECD4}.Release|Any CPU.Build.0 = Release|Any CPU
	EndGlobalSection
	GlobalSection(SolutionProperties) = preSolution
		HideSolutionNode = FALSE
	EndGlobalSection
	GlobalSection(ExtensibilityGlobals) = postSolution
		SolutionGuid = {4118D49B-38A2-40DE-89B7-C581C89E54C4}
	EndGlobalSection
EndGlobal
